
Microsoft Visual Studio Solution File, Format Version 12.00
# Visual Studio 14
VisualStudioVersion = 14.0.22823.1
MinimumVisualStudioVersion = 10.0.40219.1
Project("{FAE04EC0-301F-11D3-BF4B-00C04F79EFBC}") = "OAuthForms1", "OAuthForms1\OAuthForms1\OAuthForms1.csproj", "{24109515-F42F-4C85-9FFE-8871BCD132ED}"
EndProject
Project("{FAE04EC0-301F-11D3-BF4B-00C04F79EFBC}") = "OAuthForms1.iOS", "OAuthForms1\OAuthForms1.iOS\OAuthForms1.iOS.csproj", "{A8774B76-B467-4233-9CF4-D039257E4C1A}"
EndProject
Project("{FAE04EC0-301F-11D3-BF4B-00C04F79EFBC}") = "OAuthForms1.Droid", "OAuthForms1\OAuthForms1.Droid\OAuthForms1.Droid.csproj", "{95B2B29D-46F9-40C7-926F-CE6043A5F1FF}"
EndProject
Project("{FAE04EC0-301F-11D3-BF4B-00C04F79EFBC}") = "OAuthForms1.WinPhone", "OAuthForms1\OAuthForms1.WinPhone\OAuthForms1.WinPhone.csproj", "{0D26DB0B-577E-4ED1-BDBF-5B854C71E86F}"
EndProject
Project("{FAE04EC0-301F-11D3-BF4B-00C04F79EFBC}") = "UAuth", "UAuth\UAuth.csproj", "{67F9D3A8-F71E-4428-913F-C37AE82CDB24}"
EndProject
Global
	GlobalSection(SolutionConfigurationPlatforms) = preSolution
		Ad-Hoc|Any CPU = Ad-Hoc|Any CPU
		Ad-Hoc|ARM = Ad-Hoc|ARM
		Ad-Hoc|iPhone = Ad-Hoc|iPhone
		Ad-Hoc|iPhoneSimulator = Ad-Hoc|iPhoneSimulator
		Ad-Hoc|Mixed Platforms = Ad-Hoc|Mixed Platforms
		Ad-Hoc|x86 = Ad-Hoc|x86
		AppStore|Any CPU = AppStore|Any CPU
		AppStore|ARM = AppStore|ARM
		AppStore|iPhone = AppStore|iPhone
		AppStore|iPhoneSimulator = AppStore|iPhoneSimulator
		AppStore|Mixed Platforms = AppStore|Mixed Platforms
		AppStore|x86 = AppStore|x86
		Debug|Any CPU = Debug|Any CPU
		Debug|ARM = Debug|ARM
		Debug|iPhone = Debug|iPhone
		Debug|iPhoneSimulator = Debug|iPhoneSimulator
		Debug|Mixed Platforms = Debug|Mixed Platforms
		Debug|x86 = Debug|x86
		Release|Any CPU = Release|Any CPU
		Release|ARM = Release|ARM
		Release|iPhone = Release|iPhone
		Release|iPhoneSimulator = Release|iPhoneSimulator
		Release|Mixed Platforms = Release|Mixed Platforms
		Release|x86 = Release|x86
	EndGlobalSection
	GlobalSection(ProjectConfigurationPlatforms) = postSolution
		{24109515-F42F-4C85-9FFE-8871BCD132ED}.Ad-Hoc|Any CPU.ActiveCfg = Release|Any CPU
		{24109515-F42F-4C85-9FFE-8871BCD132ED}.Ad-Hoc|Any CPU.Build.0 = Release|Any CPU
		{24109515-F42F-4C85-9FFE-8871BCD132ED}.Ad-Hoc|ARM.ActiveCfg = Release|Any CPU
		{24109515-F42F-4C85-9FFE-8871BCD132ED}.Ad-Hoc|ARM.Build.0 = Release|Any CPU
		{24109515-F42F-4C85-9FFE-8871BCD132ED}.Ad-Hoc|iPhone.ActiveCfg = Release|Any CPU
		{24109515-F42F-4C85-9FFE-8871BCD132ED}.Ad-Hoc|iPhone.Build.0 = Release|Any CPU
		{24109515-F42F-4C85-9FFE-8871BCD132ED}.Ad-Hoc|iPhoneSimulator.ActiveCfg = Release|Any CPU
		{24109515-F42F-4C85-9FFE-8871BCD132ED}.Ad-Hoc|iPhoneSimulator.Build.0 = Release|Any CPU
		{24109515-F42F-4C85-9FFE-8871BCD132ED}.Ad-Hoc|Mixed Platforms.ActiveCfg = Debug|Any CPU
		{24109515-F42F-4C85-9FFE-8871BCD132ED}.Ad-Hoc|Mixed Platforms.Build.0 = Debug|Any CPU
		{24109515-F42F-4C85-9FFE-8871BCD132ED}.Ad-Hoc|x86.ActiveCfg = Release|Any CPU
		{24109515-F42F-4C85-9FFE-8871BCD132ED}.Ad-Hoc|x86.Build.0 = Release|Any CPU
		{24109515-F42F-4C85-9FFE-8871BCD132ED}.AppStore|Any CPU.ActiveCfg = Release|Any CPU
		{24109515-F42F-4C85-9FFE-8871BCD132ED}.AppStore|Any CPU.Build.0 = Release|Any CPU
		{24109515-F42F-4C85-9FFE-8871BCD132ED}.AppStore|ARM.ActiveCfg = Release|Any CPU
		{24109515-F42F-4C85-9FFE-8871BCD132ED}.AppStore|ARM.Build.0 = Release|Any CPU
		{24109515-F42F-4C85-9FFE-8871BCD132ED}.AppStore|iPhone.ActiveCfg = Release|Any CPU
		{24109515-F42F-4C85-9FFE-8871BCD132ED}.AppStore|iPhone.Build.0 = Release|Any CPU
		{24109515-F42F-4C85-9FFE-8871BCD132ED}.AppStore|iPhoneSimulator.ActiveCfg = Release|Any CPU
		{24109515-F42F-4C85-9FFE-8871BCD132ED}.AppStore|iPhoneSimulator.Build.0 = Release|Any CPU
		{24109515-F42F-4C85-9FFE-8871BCD132ED}.AppStore|Mixed Platforms.ActiveCfg = Debug|Any CPU
		{24109515-F42F-4C85-9FFE-8871BCD132ED}.AppStore|Mixed Platforms.Build.0 = Debug|Any CPU
		{24109515-F42F-4C85-9FFE-8871BCD132ED}.AppStore|x86.ActiveCfg = Release|Any CPU
		{24109515-F42F-4C85-9FFE-8871BCD132ED}.AppStore|x86.Build.0 = Release|Any CPU
		{24109515-F42F-4C85-9FFE-8871BCD132ED}.Debug|Any CPU.ActiveCfg = Debug|Any CPU
		{24109515-F42F-4C85-9FFE-8871BCD132ED}.Debug|Any CPU.Build.0 = Debug|Any CPU
		{24109515-F42F-4C85-9FFE-8871BCD132ED}.Debug|ARM.ActiveCfg = Debug|Any CPU
		{24109515-F42F-4C85-9FFE-8871BCD132ED}.Debug|ARM.Build.0 = Debug|Any CPU
		{24109515-F42F-4C85-9FFE-8871BCD132ED}.Debug|iPhone.ActiveCfg = Debug|Any CPU
		{24109515-F42F-4C85-9FFE-8871BCD132ED}.Debug|iPhone.Build.0 = Debug|Any CPU
		{24109515-F42F-4C85-9FFE-8871BCD132ED}.Debug|iPhoneSimulator.ActiveCfg = Debug|Any CPU
		{24109515-F42F-4C85-9FFE-8871BCD132ED}.Debug|iPhoneSimulator.Build.0 = Debug|Any CPU
		{24109515-F42F-4C85-9FFE-8871BCD132ED}.Debug|Mixed Platforms.ActiveCfg = Debug|Any CPU
		{24109515-F42F-4C85-9FFE-8871BCD132ED}.Debug|Mixed Platforms.Build.0 = Debug|Any CPU
		{24109515-F42F-4C85-9FFE-8871BCD132ED}.Debug|x86.ActiveCfg = Debug|Any CPU
		{24109515-F42F-4C85-9FFE-8871BCD132ED}.Debug|x86.Build.0 = Debug|Any CPU
		{24109515-F42F-4C85-9FFE-8871BCD132ED}.Release|Any CPU.ActiveCfg = Release|Any CPU
		{24109515-F42F-4C85-9FFE-8871BCD132ED}.Release|Any CPU.Build.0 = Release|Any CPU
		{24109515-F42F-4C85-9FFE-8871BCD132ED}.Release|ARM.ActiveCfg = Release|Any CPU
		{24109515-F42F-4C85-9FFE-8871BCD132ED}.Release|ARM.Build.0 = Release|Any CPU
		{24109515-F42F-4C85-9FFE-8871BCD132ED}.Release|iPhone.ActiveCfg = Release|Any CPU
		{24109515-F42F-4C85-9FFE-8871BCD132ED}.Release|iPhone.Build.0 = Release|Any CPU
		{24109515-F42F-4C85-9FFE-8871BCD132ED}.Release|iPhoneSimulator.ActiveCfg = Release|Any CPU
		{24109515-F42F-4C85-9FFE-8871BCD132ED}.Release|iPhoneSimulator.Build.0 = Release|Any CPU
		{24109515-F42F-4C85-9FFE-8871BCD132ED}.Release|Mixed Platforms.ActiveCfg = Release|Any CPU
		{24109515-F42F-4C85-9FFE-8871BCD132ED}.Release|Mixed Platforms.Build.0 = Release|Any CPU
		{24109515-F42F-4C85-9FFE-8871BCD132ED}.Release|x86.ActiveCfg = Release|Any CPU
		{24109515-F42F-4C85-9FFE-8871BCD132ED}.Release|x86.Build.0 = Release|Any CPU
		{A8774B76-B467-4233-9CF4-D039257E4C1A}.Ad-Hoc|Any CPU.ActiveCfg = Ad-Hoc|iPhone
		{A8774B76-B467-4233-9CF4-D039257E4C1A}.Ad-Hoc|ARM.ActiveCfg = Ad-Hoc|iPhone
		{A8774B76-B467-4233-9CF4-D039257E4C1A}.Ad-Hoc|iPhone.ActiveCfg = Ad-Hoc|iPhone
		{A8774B76-B467-4233-9CF4-D039257E4C1A}.Ad-Hoc|iPhone.Build.0 = Ad-Hoc|iPhone
		{A8774B76-B467-4233-9CF4-D039257E4C1A}.Ad-Hoc|iPhoneSimulator.ActiveCfg = Ad-Hoc|iPhoneSimulator
		{A8774B76-B467-4233-9CF4-D039257E4C1A}.Ad-Hoc|iPhoneSimulator.Build.0 = Ad-Hoc|iPhoneSimulator
		{A8774B76-B467-4233-9CF4-D039257E4C1A}.Ad-Hoc|Mixed Platforms.ActiveCfg = Ad-Hoc|iPhoneSimulator
		{A8774B76-B467-4233-9CF4-D039257E4C1A}.Ad-Hoc|x86.ActiveCfg = Ad-Hoc|iPhone
		{A8774B76-B467-4233-9CF4-D039257E4C1A}.AppStore|Any CPU.ActiveCfg = AppStore|iPhone
		{A8774B76-B467-4233-9CF4-D039257E4C1A}.AppStore|ARM.ActiveCfg = AppStore|iPhone
		{A8774B76-B467-4233-9CF4-D039257E4C1A}.AppStore|iPhone.ActiveCfg = AppStore|iPhone
		{A8774B76-B467-4233-9CF4-D039257E4C1A}.AppStore|iPhone.Build.0 = AppStore|iPhone
		{A8774B76-B467-4233-9CF4-D039257E4C1A}.AppStore|iPhoneSimulator.ActiveCfg = AppStore|iPhoneSimulator
		{A8774B76-B467-4233-9CF4-D039257E4C1A}.AppStore|iPhoneSimulator.Build.0 = AppStore|iPhoneSimulator
		{A8774B76-B467-4233-9CF4-D039257E4C1A}.AppStore|Mixed Platforms.ActiveCfg = AppStore|iPhoneSimulator
		{A8774B76-B467-4233-9CF4-D039257E4C1A}.AppStore|x86.ActiveCfg = AppStore|iPhone
		{A8774B76-B467-4233-9CF4-D039257E4C1A}.Debug|Any CPU.ActiveCfg = Debug|iPhone
		{A8774B76-B467-4233-9CF4-D039257E4C1A}.Debug|ARM.ActiveCfg = Debug|iPhone
		{A8774B76-B467-4233-9CF4-D039257E4C1A}.Debug|iPhone.ActiveCfg = Debug|iPhone
		{A8774B76-B467-4233-9CF4-D039257E4C1A}.Debug|iPhone.Build.0 = Debug|iPhone
		{A8774B76-B467-4233-9CF4-D039257E4C1A}.Debug|iPhoneSimulator.ActiveCfg = Debug|iPhoneSimulator
		{A8774B76-B467-4233-9CF4-D039257E4C1A}.Debug|iPhoneSimulator.Build.0 = Debug|iPhoneSimulator
		{A8774B76-B467-4233-9CF4-D039257E4C1A}.Debug|Mixed Platforms.ActiveCfg = Debug|iPhoneSimulator
		{A8774B76-B467-4233-9CF4-D039257E4C1A}.Debug|x86.ActiveCfg = Debug|iPhone
		{A8774B76-B467-4233-9CF4-D039257E4C1A}.Release|Any CPU.ActiveCfg = Release|iPhone
		{A8774B76-B467-4233-9CF4-D039257E4C1A}.Release|ARM.ActiveCfg = Release|iPhone
		{A8774B76-B467-4233-9CF4-D039257E4C1A}.Release|iPhone.ActiveCfg = Release|iPhone
		{A8774B76-B467-4233-9CF4-D039257E4C1A}.Release|iPhone.Build.0 = Release|iPhone
		{A8774B76-B467-4233-9CF4-D039257E4C1A}.Release|iPhoneSimulator.ActiveCfg = Release|iPhoneSimulator
		{A8774B76-B467-4233-9CF4-D039257E4C1A}.Release|iPhoneSimulator.Build.0 = Release|iPhoneSimulator
		{A8774B76-B467-4233-9CF4-D039257E4C1A}.Release|Mixed Platforms.ActiveCfg = Release|iPhoneSimulator
		{A8774B76-B467-4233-9CF4-D039257E4C1A}.Release|x86.ActiveCfg = Release|iPhone
		{95B2B29D-46F9-40C7-926F-CE6043A5F1FF}.Ad-Hoc|Any CPU.ActiveCfg = Release|Any CPU
		{95B2B29D-46F9-40C7-926F-CE6043A5F1FF}.Ad-Hoc|Any CPU.Build.0 = Release|Any CPU
		{95B2B29D-46F9-40C7-926F-CE6043A5F1FF}.Ad-Hoc|Any CPU.Deploy.0 = Release|Any CPU
		{95B2B29D-46F9-40C7-926F-CE6043A5F1FF}.Ad-Hoc|ARM.ActiveCfg = Release|Any CPU
		{95B2B29D-46F9-40C7-926F-CE6043A5F1FF}.Ad-Hoc|ARM.Build.0 = Release|Any CPU
		{95B2B29D-46F9-40C7-926F-CE6043A5F1FF}.Ad-Hoc|ARM.Deploy.0 = Release|Any CPU
		{95B2B29D-46F9-40C7-926F-CE6043A5F1FF}.Ad-Hoc|iPhone.ActiveCfg = Release|Any CPU
		{95B2B29D-46F9-40C7-926F-CE6043A5F1FF}.Ad-Hoc|iPhone.Build.0 = Release|Any CPU
		{95B2B29D-46F9-40C7-926F-CE6043A5F1FF}.Ad-Hoc|iPhone.Deploy.0 = Release|Any CPU
		{95B2B29D-46F9-40C7-926F-CE6043A5F1FF}.Ad-Hoc|iPhoneSimulator.ActiveCfg = Release|Any CPU
		{95B2B29D-46F9-40C7-926F-CE6043A5F1FF}.Ad-Hoc|iPhoneSimulator.Build.0 = Release|Any CPU
		{95B2B29D-46F9-40C7-926F-CE6043A5F1FF}.Ad-Hoc|iPhoneSimulator.Deploy.0 = Release|Any CPU
		{95B2B29D-46F9-40C7-926F-CE6043A5F1FF}.Ad-Hoc|Mixed Platforms.ActiveCfg = Debug|Any CPU
		{95B2B29D-46F9-40C7-926F-CE6043A5F1FF}.Ad-Hoc|Mixed Platforms.Build.0 = Debug|Any CPU
		{95B2B29D-46F9-40C7-926F-CE6043A5F1FF}.Ad-Hoc|Mixed Platforms.Deploy.0 = Debug|Any CPU
		{95B2B29D-46F9-40C7-926F-CE6043A5F1FF}.Ad-Hoc|x86.ActiveCfg = Release|Any CPU
		{95B2B29D-46F9-40C7-926F-CE6043A5F1FF}.Ad-Hoc|x86.Build.0 = Release|Any CPU
		{95B2B29D-46F9-40C7-926F-CE6043A5F1FF}.Ad-Hoc|x86.Deploy.0 = Release|Any CPU
		{95B2B29D-46F9-40C7-926F-CE6043A5F1FF}.AppStore|Any CPU.ActiveCfg = Release|Any CPU
		{95B2B29D-46F9-40C7-926F-CE6043A5F1FF}.AppStore|Any CPU.Build.0 = Release|Any CPU
		{95B2B29D-46F9-40C7-926F-CE6043A5F1FF}.AppStore|Any CPU.Deploy.0 = Release|Any CPU
		{95B2B29D-46F9-40C7-926F-CE6043A5F1FF}.AppStore|ARM.ActiveCfg = Release|Any CPU
		{95B2B29D-46F9-40C7-926F-CE6043A5F1FF}.AppStore|ARM.Build.0 = Release|Any CPU
		{95B2B29D-46F9-40C7-926F-CE6043A5F1FF}.AppStore|ARM.Deploy.0 = Release|Any CPU
		{95B2B29D-46F9-40C7-926F-CE6043A5F1FF}.AppStore|iPhone.ActiveCfg = Release|Any CPU
		{95B2B29D-46F9-40C7-926F-CE6043A5F1FF}.AppStore|iPhone.Build.0 = Release|Any CPU
		{95B2B29D-46F9-40C7-926F-CE6043A5F1FF}.AppStore|iPhone.Deploy.0 = Release|Any CPU
		{95B2B29D-46F9-40C7-926F-CE6043A5F1FF}.AppStore|iPhoneSimulator.ActiveCfg = Release|Any CPU
		{95B2B29D-46F9-40C7-926F-CE6043A5F1FF}.AppStore|iPhoneSimulator.Build.0 = Release|Any CPU
		{95B2B29D-46F9-40C7-926F-CE6043A5F1FF}.AppStore|iPhoneSimulator.Deploy.0 = Release|Any CPU
		{95B2B29D-46F9-40C7-926F-CE6043A5F1FF}.AppStore|Mixed Platforms.ActiveCfg = Debug|Any CPU
		{95B2B29D-46F9-40C7-926F-CE6043A5F1FF}.AppStore|Mixed Platforms.Build.0 = Debug|Any CPU
		{95B2B29D-46F9-40C7-926F-CE6043A5F1FF}.AppStore|Mixed Platforms.Deploy.0 = Debug|Any CPU
		{95B2B29D-46F9-40C7-926F-CE6043A5F1FF}.AppStore|x86.ActiveCfg = Release|Any CPU
		{95B2B29D-46F9-40C7-926F-CE6043A5F1FF}.AppStore|x86.Build.0 = Release|Any CPU
		{95B2B29D-46F9-40C7-926F-CE6043A5F1FF}.AppStore|x86.Deploy.0 = Release|Any CPU
		{95B2B29D-46F9-40C7-926F-CE6043A5F1FF}.Debug|Any CPU.ActiveCfg = Debug|Any CPU
		{95B2B29D-46F9-40C7-926F-CE6043A5F1FF}.Debug|Any CPU.Build.0 = Debug|Any CPU
		{95B2B29D-46F9-40C7-926F-CE6043A5F1FF}.Debug|Any CPU.Deploy.0 = Debug|Any CPU
		{95B2B29D-46F9-40C7-926F-CE6043A5F1FF}.Debug|ARM.ActiveCfg = Debug|Any CPU
		{95B2B29D-46F9-40C7-926F-CE6043A5F1FF}.Debug|ARM.Build.0 = Debug|Any CPU
		{95B2B29D-46F9-40C7-926F-CE6043A5F1FF}.Debug|ARM.Deploy.0 = Debug|Any CPU
		{95B2B29D-46F9-40C7-926F-CE6043A5F1FF}.Debug|iPhone.ActiveCfg = Debug|Any CPU
		{95B2B29D-46F9-40C7-926F-CE6043A5F1FF}.Debug|iPhone.Build.0 = Debug|Any CPU
		{95B2B29D-46F9-40C7-926F-CE6043A5F1FF}.Debug|iPhone.Deploy.0 = Debug|Any CPU
		{95B2B29D-46F9-40C7-926F-CE6043A5F1FF}.Debug|iPhoneSimulator.ActiveCfg = Debug|Any CPU
		{95B2B29D-46F9-40C7-926F-CE6043A5F1FF}.Debug|iPhoneSimulator.Build.0 = Debug|Any CPU
		{95B2B29D-46F9-40C7-926F-CE6043A5F1FF}.Debug|iPhoneSimulator.Deploy.0 = Debug|Any CPU
		{95B2B29D-46F9-40C7-926F-CE6043A5F1FF}.Debug|Mixed Platforms.ActiveCfg = Debug|Any CPU
		{95B2B29D-46F9-40C7-926F-CE6043A5F1FF}.Debug|Mixed Platforms.Build.0 = Debug|Any CPU
		{95B2B29D-46F9-40C7-926F-CE6043A5F1FF}.Debug|Mixed Platforms.Deploy.0 = Debug|Any CPU
		{95B2B29D-46F9-40C7-926F-CE6043A5F1FF}.Debug|x86.ActiveCfg = Debug|Any CPU
		{95B2B29D-46F9-40C7-926F-CE6043A5F1FF}.Debug|x86.Build.0 = Debug|Any CPU
		{95B2B29D-46F9-40C7-926F-CE6043A5F1FF}.Debug|x86.Deploy.0 = Debug|Any CPU
		{95B2B29D-46F9-40C7-926F-CE6043A5F1FF}.Release|Any CPU.ActiveCfg = Release|Any CPU
		{95B2B29D-46F9-40C7-926F-CE6043A5F1FF}.Release|Any CPU.Build.0 = Release|Any CPU
		{95B2B29D-46F9-40C7-926F-CE6043A5F1FF}.Release|Any CPU.Deploy.0 = Release|Any CPU
		{95B2B29D-46F9-40C7-926F-CE6043A5F1FF}.Release|ARM.ActiveCfg = Release|Any CPU
		{95B2B29D-46F9-40C7-926F-CE6043A5F1FF}.Release|ARM.Build.0 = Release|Any CPU
		{95B2B29D-46F9-40C7-926F-CE6043A5F1FF}.Release|ARM.Deploy.0 = Release|Any CPU
		{95B2B29D-46F9-40C7-926F-CE6043A5F1FF}.Release|iPhone.ActiveCfg = Release|Any CPU
		{95B2B29D-46F9-40C7-926F-CE6043A5F1FF}.Release|iPhone.Build.0 = Release|Any CPU
		{95B2B29D-46F9-40C7-926F-CE6043A5F1FF}.Release|iPhone.Deploy.0 = Release|Any CPU
		{95B2B29D-46F9-40C7-926F-CE6043A5F1FF}.Release|iPhoneSimulator.ActiveCfg = Release|Any CPU
		{95B2B29D-46F9-40C7-926F-CE6043A5F1FF}.Release|iPhoneSimulator.Build.0 = Release|Any CPU
		{95B2B29D-46F9-40C7-926F-CE6043A5F1FF}.Release|iPhoneSimulator.Deploy.0 = Release|Any CPU
		{95B2B29D-46F9-40C7-926F-CE6043A5F1FF}.Release|Mixed Platforms.ActiveCfg = Release|Any CPU
		{95B2B29D-46F9-40C7-926F-CE6043A5F1FF}.Release|Mixed Platforms.Build.0 = Release|Any CPU
		{95B2B29D-46F9-40C7-926F-CE6043A5F1FF}.Release|Mixed Platforms.Deploy.0 = Release|Any CPU
		{95B2B29D-46F9-40C7-926F-CE6043A5F1FF}.Release|x86.ActiveCfg = Release|Any CPU
		{95B2B29D-46F9-40C7-926F-CE6043A5F1FF}.Release|x86.Build.0 = Release|Any CPU
		{95B2B29D-46F9-40C7-926F-CE6043A5F1FF}.Release|x86.Deploy.0 = Release|Any CPU
		{0D26DB0B-577E-4ED1-BDBF-5B854C71E86F}.Ad-Hoc|Any CPU.ActiveCfg = Release|Any CPU
		{0D26DB0B-577E-4ED1-BDBF-5B854C71E86F}.Ad-Hoc|Any CPU.Build.0 = Release|Any CPU
		{0D26DB0B-577E-4ED1-BDBF-5B854C71E86F}.Ad-Hoc|Any CPU.Deploy.0 = Release|Any CPU
		{0D26DB0B-577E-4ED1-BDBF-5B854C71E86F}.Ad-Hoc|ARM.ActiveCfg = Release|ARM
		{0D26DB0B-577E-4ED1-BDBF-5B854C71E86F}.Ad-Hoc|ARM.Build.0 = Release|ARM
		{0D26DB0B-577E-4ED1-BDBF-5B854C71E86F}.Ad-Hoc|ARM.Deploy.0 = Release|ARM
		{0D26DB0B-577E-4ED1-BDBF-5B854C71E86F}.Ad-Hoc|iPhone.ActiveCfg = Release|Any CPU
		{0D26DB0B-577E-4ED1-BDBF-5B854C71E86F}.Ad-Hoc|iPhone.Build.0 = Release|Any CPU
		{0D26DB0B-577E-4ED1-BDBF-5B854C71E86F}.Ad-Hoc|iPhone.Deploy.0 = Release|Any CPU
		{0D26DB0B-577E-4ED1-BDBF-5B854C71E86F}.Ad-Hoc|iPhoneSimulator.ActiveCfg = Release|Any CPU
		{0D26DB0B-577E-4ED1-BDBF-5B854C71E86F}.Ad-Hoc|iPhoneSimulator.Build.0 = Release|Any CPU
		{0D26DB0B-577E-4ED1-BDBF-5B854C71E86F}.Ad-Hoc|iPhoneSimulator.Deploy.0 = Release|Any CPU
		{0D26DB0B-577E-4ED1-BDBF-5B854C71E86F}.Ad-Hoc|Mixed Platforms.ActiveCfg = Debug|x86
		{0D26DB0B-577E-4ED1-BDBF-5B854C71E86F}.Ad-Hoc|x86.ActiveCfg = Release|x86
		{0D26DB0B-577E-4ED1-BDBF-5B854C71E86F}.Ad-Hoc|x86.Build.0 = Release|x86
		{0D26DB0B-577E-4ED1-BDBF-5B854C71E86F}.Ad-Hoc|x86.Deploy.0 = Release|x86
		{0D26DB0B-577E-4ED1-BDBF-5B854C71E86F}.AppStore|Any CPU.ActiveCfg = Release|Any CPU
		{0D26DB0B-577E-4ED1-BDBF-5B854C71E86F}.AppStore|Any CPU.Build.0 = Release|Any CPU
		{0D26DB0B-577E-4ED1-BDBF-5B854C71E86F}.AppStore|Any CPU.Deploy.0 = Release|Any CPU
		{0D26DB0B-577E-4ED1-BDBF-5B854C71E86F}.AppStore|ARM.ActiveCfg = Release|ARM
		{0D26DB0B-577E-4ED1-BDBF-5B854C71E86F}.AppStore|ARM.Build.0 = Release|ARM
		{0D26DB0B-577E-4ED1-BDBF-5B854C71E86F}.AppStore|ARM.Deploy.0 = Release|ARM
		{0D26DB0B-577E-4ED1-BDBF-5B854C71E86F}.AppStore|iPhone.ActiveCfg = Release|Any CPU
		{0D26DB0B-577E-4ED1-BDBF-5B854C71E86F}.AppStore|iPhone.Build.0 = Release|Any CPU
		{0D26DB0B-577E-4ED1-BDBF-5B854C71E86F}.AppStore|iPhone.Deploy.0 = Release|Any CPU
		{0D26DB0B-577E-4ED1-BDBF-5B854C71E86F}.AppStore|iPhoneSimulator.ActiveCfg = Release|Any CPU
		{0D26DB0B-577E-4ED1-BDBF-5B854C71E86F}.AppStore|iPhoneSimulator.Build.0 = Release|Any CPU
		{0D26DB0B-577E-4ED1-BDBF-5B854C71E86F}.AppStore|iPhoneSimulator.Deploy.0 = Release|Any CPU
		{0D26DB0B-577E-4ED1-BDBF-5B854C71E86F}.AppStore|Mixed Platforms.ActiveCfg = Debug|x86
		{0D26DB0B-577E-4ED1-BDBF-5B854C71E86F}.AppStore|x86.ActiveCfg = Release|x86
		{0D26DB0B-577E-4ED1-BDBF-5B854C71E86F}.AppStore|x86.Build.0 = Release|x86
		{0D26DB0B-577E-4ED1-BDBF-5B854C71E86F}.AppStore|x86.Deploy.0 = Release|x86
		{0D26DB0B-577E-4ED1-BDBF-5B854C71E86F}.Debug|Any CPU.ActiveCfg = Debug|Any CPU
		{0D26DB0B-577E-4ED1-BDBF-5B854C71E86F}.Debug|Any CPU.Build.0 = Debug|Any CPU
		{0D26DB0B-577E-4ED1-BDBF-5B854C71E86F}.Debug|Any CPU.Deploy.0 = Debug|Any CPU
		{0D26DB0B-577E-4ED1-BDBF-5B854C71E86F}.Debug|ARM.ActiveCfg = Debug|ARM
		{0D26DB0B-577E-4ED1-BDBF-5B854C71E86F}.Debug|ARM.Build.0 = Debug|ARM
		{0D26DB0B-577E-4ED1-BDBF-5B854C71E86F}.Debug|ARM.Deploy.0 = Debug|ARM
		{0D26DB0B-577E-4ED1-BDBF-5B854C71E86F}.Debug|iPhone.ActiveCfg = Debug|Any CPU
		{0D26DB0B-577E-4ED1-BDBF-5B854C71E86F}.Debug|iPhone.Build.0 = Debug|Any CPU
		{0D26DB0B-577E-4ED1-BDBF-5B854C71E86F}.Debug|iPhone.Deploy.0 = Debug|Any CPU
		{0D26DB0B-577E-4ED1-BDBF-5B854C71E86F}.Debug|iPhoneSimulator.ActiveCfg = Debug|Any CPU
		{0D26DB0B-577E-4ED1-BDBF-5B854C71E86F}.Debug|iPhoneSimulator.Build.0 = Debug|Any CPU
		{0D26DB0B-577E-4ED1-BDBF-5B854C71E86F}.Debug|iPhoneSimulator.Deploy.0 = Debug|Any CPU
		{0D26DB0B-577E-4ED1-BDBF-5B854C71E86F}.Debug|Mixed Platforms.ActiveCfg = Debug|x86
		{0D26DB0B-577E-4ED1-BDBF-5B854C71E86F}.Debug|x86.ActiveCfg = Debug|x86
		{0D26DB0B-577E-4ED1-BDBF-5B854C71E86F}.Debug|x86.Build.0 = Debug|x86
		{0D26DB0B-577E-4ED1-BDBF-5B854C71E86F}.Debug|x86.Deploy.0 = Debug|x86
		{0D26DB0B-577E-4ED1-BDBF-5B854C71E86F}.Release|Any CPU.ActiveCfg = Release|Any CPU
		{0D26DB0B-577E-4ED1-BDBF-5B854C71E86F}.Release|Any CPU.Build.0 = Release|Any CPU
		{0D26DB0B-577E-4ED1-BDBF-5B854C71E86F}.Release|Any CPU.Deploy.0 = Release|Any CPU
		{0D26DB0B-577E-4ED1-BDBF-5B854C71E86F}.Release|ARM.ActiveCfg = Release|ARM
		{0D26DB0B-577E-4ED1-BDBF-5B854C71E86F}.Release|ARM.Build.0 = Release|ARM
		{0D26DB0B-577E-4ED1-BDBF-5B854C71E86F}.Release|ARM.Deploy.0 = Release|ARM
		{0D26DB0B-577E-4ED1-BDBF-5B854C71E86F}.Release|iPhone.ActiveCfg = Release|Any CPU
		{0D26DB0B-577E-4ED1-BDBF-5B854C71E86F}.Release|iPhone.Build.0 = Release|Any CPU
		{0D26DB0B-577E-4ED1-BDBF-5B854C71E86F}.Release|iPhone.Deploy.0 = Release|Any CPU
		{0D26DB0B-577E-4ED1-BDBF-5B854C71E86F}.Release|iPhoneSimulator.ActiveCfg = Release|Any CPU
		{0D26DB0B-577E-4ED1-BDBF-5B854C71E86F}.Release|iPhoneSimulator.Build.0 = Release|Any CPU
		{0D26DB0B-577E-4ED1-BDBF-5B854C71E86F}.Release|iPhoneSimulator.Deploy.0 = Release|Any CPU
		{0D26DB0B-577E-4ED1-BDBF-5B854C71E86F}.Release|Mixed Platforms.ActiveCfg = Release|x86
		{0D26DB0B-577E-4ED1-BDBF-5B854C71E86F}.Release|x86.ActiveCfg = Release|x86
		{0D26DB0B-577E-4ED1-BDBF-5B854C71E86F}.Release|x86.Build.0 = Release|x86
		{0D26DB0B-577E-4ED1-BDBF-5B854C71E86F}.Release|x86.Deploy.0 = Release|x86
		{67F9D3A8-F71E-4428-913F-C37AE82CDB24}.Ad-Hoc|Any CPU.ActiveCfg = Release|Any CPU
		{67F9D3A8-F71E-4428-913F-C37AE82CDB24}.Ad-Hoc|Any CPU.Build.0 = Release|Any CPU
		{67F9D3A8-F71E-4428-913F-C37AE82CDB24}.Ad-Hoc|ARM.ActiveCfg = Release|Any CPU
		{67F9D3A8-F71E-4428-913F-C37AE82CDB24}.Ad-Hoc|ARM.Build.0 = Release|Any CPU
		{67F9D3A8-F71E-4428-913F-C37AE82CDB24}.Ad-Hoc|iPhone.ActiveCfg = Release|Any CPU
		{67F9D3A8-F71E-4428-913F-C37AE82CDB24}.Ad-Hoc|iPhone.Build.0 = Release|Any CPU
		{67F9D3A8-F71E-4428-913F-C37AE82CDB24}.Ad-Hoc|iPhoneSimulator.ActiveCfg = Release|Any CPU
		{67F9D3A8-F71E-4428-913F-C37AE82CDB24}.Ad-Hoc|iPhoneSimulator.Build.0 = Release|Any CPU
		{67F9D3A8-F71E-4428-913F-C37AE82CDB24}.Ad-Hoc|Mixed Platforms.ActiveCfg = Release|Any CPU
		{67F9D3A8-F71E-4428-913F-C37AE82CDB24}.Ad-Hoc|Mixed Platforms.Build.0 = Release|Any CPU
		{67F9D3A8-F71E-4428-913F-C37AE82CDB24}.Ad-Hoc|x86.ActiveCfg = Release|Any CPU
		{67F9D3A8-F71E-4428-913F-C37AE82CDB24}.Ad-Hoc|x86.Build.0 = Release|Any CPU
		{67F9D3A8-F71E-4428-913F-C37AE82CDB24}.AppStore|Any CPU.ActiveCfg = Release|Any CPU
		{67F9D3A8-F71E-4428-913F-C37AE82CDB24}.AppStore|Any CPU.Build.0 = Release|Any CPU
		{67F9D3A8-F71E-4428-913F-C37AE82CDB24}.AppStore|ARM.ActiveCfg = Release|Any CPU
		{67F9D3A8-F71E-4428-913F-C37AE82CDB24}.AppStore|ARM.Build.0 = Release|Any CPU
		{67F9D3A8-F71E-4428-913F-C37AE82CDB24}.AppStore|iPhone.ActiveCfg = Release|Any CPU
		{67F9D3A8-F71E-4428-913F-C37AE82CDB24}.AppStore|iPhone.Build.0 = Release|Any CPU
		{67F9D3A8-F71E-4428-913F-C37AE82CDB24}.AppStore|iPhoneSimulator.ActiveCfg = Release|Any CPU
		{67F9D3A8-F71E-4428-913F-C37AE82CDB24}.AppStore|iPhoneSimulator.Build.0 = Release|Any CPU
		{67F9D3A8-F71E-4428-913F-C37AE82CDB24}.AppStore|Mixed Platforms.ActiveCfg = Release|Any CPU
		{67F9D3A8-F71E-4428-913F-C37AE82CDB24}.AppStore|Mixed Platforms.Build.0 = Release|Any CPU
		{67F9D3A8-F71E-4428-913F-C37AE82CDB24}.AppStore|x86.ActiveCfg = Release|Any CPU
		{67F9D3A8-F71E-4428-913F-C37AE82CDB24}.AppStore|x86.Build.0 = Release|Any CPU
		{67F9D3A8-F71E-4428-913F-C37AE82CDB24}.Debug|Any CPU.ActiveCfg = Debug|Any CPU
		{67F9D3A8-F71E-4428-913F-C37AE82CDB24}.Debug|Any CPU.Build.0 = Debug|Any CPU
		{67F9D3A8-F71E-4428-913F-C37AE82CDB24}.Debug|ARM.ActiveCfg = Debug|Any CPU
		{67F9D3A8-F71E-4428-913F-C37AE82CDB24}.Debug|ARM.Build.0 = Debug|Any CPU
		{67F9D3A8-F71E-4428-913F-C37AE82CDB24}.Debug|iPhone.ActiveCfg = Debug|Any CPU
		{67F9D3A8-F71E-4428-913F-C37AE82CDB24}.Debug|iPhone.Build.0 = Debug|Any CPU
		{67F9D3A8-F71E-4428-913F-C37AE82CDB24}.Debug|iPhoneSimulator.ActiveCfg = Debug|Any CPU
		{67F9D3A8-F71E-4428-913F-C37AE82CDB24}.Debug|iPhoneSimulator.Build.0 = Debug|Any CPU
		{67F9D3A8-F71E-4428-913F-C37AE82CDB24}.Debug|Mixed Platforms.ActiveCfg = Debug|Any CPU
		{67F9D3A8-F71E-4428-913F-C37AE82CDB24}.Debug|Mixed Platforms.Build.0 = Debug|Any CPU
		{67F9D3A8-F71E-4428-913F-C37AE82CDB24}.Debug|x86.ActiveCfg = Debug|Any CPU
		{67F9D3A8-F71E-4428-913F-C37AE82CDB24}.Debug|x86.Build.0 = Debug|Any CPU
		{67F9D3A8-F71E-4428-913F-C37AE82CDB24}.Release|Any CPU.ActiveCfg = Release|Any CPU
		{67F9D3A8-F71E-4428-913F-C37AE82CDB24}.Release|Any CPU.Build.0 = Release|Any CPU
		{67F9D3A8-F71E-4428-913F-C37AE82CDB24}.Release|ARM.ActiveCfg = Release|Any CPU
		{67F9D3A8-F71E-4428-913F-C37AE82CDB24}.Release|ARM.Build.0 = Release|Any CPU
		{67F9D3A8-F71E-4428-913F-C37AE82CDB24}.Release|iPhone.ActiveCfg = Release|Any CPU
		{67F9D3A8-F71E-4428-913F-C37AE82CDB24}.Release|iPhone.Build.0 = Release|Any CPU
		{67F9D3A8-F71E-4428-913F-C37AE82CDB24}.Release|iPhoneSimulator.ActiveCfg = Release|Any CPU
		{67F9D3A8-F71E-4428-913F-C37AE82CDB24}.Release|iPhoneSimulator.Build.0 = Release|Any CPU
		{67F9D3A8-F71E-4428-913F-C37AE82CDB24}.Release|Mixed Platforms.ActiveCfg = Release|Any CPU
		{67F9D3A8-F71E-4428-913F-C37AE82CDB24}.Release|Mixed Platforms.Build.0 = Release|Any CPU
		{67F9D3A8-F71E-4428-913F-C37AE82CDB24}.Release|x86.ActiveCfg = Release|Any CPU
		{67F9D3A8-F71E-4428-913F-C37AE82CDB24}.Release|x86.Build.0 = Release|Any CPU
	EndGlobalSection
	GlobalSection(SolutionProperties) = preSolution
		HideSolutionNode = FALSE
	EndGlobalSection
EndGlobal
